
Microsoft Visual Studio Solution File, Format Version 12.00
# Visual Studio Version 17
VisualStudioVersion = 17.1.32210.238
MinimumVisualStudioVersion = 10.0.40219.1
Project("{FAE04EC0-301F-11D3-BF4B-00C04F79EFBC}") = "BMT Revendedor", "BMT Revendedor\BMT Revendedor.csproj", "{ED8713E5-6A69-46F2-A0F5-793ACEC6DC30}"
EndProject
Global
	GlobalSection(SolutionConfigurationPlatforms) = preSolution
		Debug|Any CPU = Debug|Any CPU
		Release|Any CPU = Release|Any CPU
	EndGlobalSection
	GlobalSection(ProjectConfigurationPlatforms) = postSolution
		{ED8713E5-6A69-46F2-A0F5-793ACEC6DC30}.Debug|Any CPU.ActiveCfg = Debug|Any CPU
		{ED8713E5-6A69-46F2-A0F5-793ACEC6DC30}.Debug|Any CPU.Build.0 = Debug|Any CPU
		{ED8713E5-6A69-46F2-A0F5-793ACEC6DC30}.Release|Any CPU.ActiveCfg = Release|Any CPU
		{ED8713E5-6A69-46F2-A0F5-793ACEC6DC30}.Release|Any CPU.Build.0 = Release|Any CPU
	EndGlobalSection
	GlobalSection(SolutionProperties) = preSolution
		HideSolutionNode = FALSE
	EndGlobalSection
	GlobalSection(ExtensibilityGlobals) = postSolution
		SolutionGuid = {9FA50360-8CD4-40ED-9886-128E0D5572B7}
	EndGlobalSection
EndGlobal
